
Microsoft Visual Studio Solution File, Format Version 12.00
# Visual Studio Version 17
VisualStudioVersion = 17.0.32014.148
MinimumVisualStudioVersion = 10.0.40219.1
Project("{FAE04EC0-301F-11D3-BF4B-00C04F79EFBC}") = "CSharp", "CSharp\CSharp.csproj", "{748D2AA6-F438-4175-B3DA-4F445676C493}"
EndProject
Global
	GlobalSection(SolutionConfigurationPlatforms) = preSolution
		Debug|Any CPU = Debug|Any CPU
		Release|Any CPU = Release|Any CPU
	EndGlobalSection
	GlobalSection(ProjectConfigurationPlatforms) = postSolution
		{748D2AA6-F438-4175-B3DA-4F445676C493}.Debug|Any CPU.ActiveCfg = Debug|Any CPU
		{748D2AA6-F438-4175-B3DA-4F445676C493}.Debug|Any CPU.Build.0 = Debug|Any CPU
		{748D2AA6-F438-4175-B3DA-4F445676C493}.Release|Any CPU.ActiveCfg = Release|Any CPU
		{748D2AA6-F438-4175-B3DA-4F445676C493}.Release|Any CPU.Build.0 = Release|Any CPU
	EndGlobalSection
	GlobalSection(SolutionProperties) = preSolution
		HideSolutionNode = FALSE
	EndGlobalSection
	GlobalSection(ExtensibilityGlobals) = postSolution
		SolutionGuid = {BA71D242-170E-41AF-9387-5125AA98EFBB}
	EndGlobalSection
EndGlobal
